// !$*UTF8*$!
{
	archiveVersion = 1;
	classes = {
	};
	objectVersion = 56;
	objects = {

/* Begin PBXBuildFile section */
		6F6CA26F297C26AF00FC8C81 /* AppDelegate.swift in Sources */ = {isa = PBXBuildFile; fileRef = 6F6CA26E297C26AF00FC8C81 /* AppDelegate.swift */; };
		6F6CA271297C26AF00FC8C81 /* SceneDelegate.swift in Sources */ = {isa = PBXBuildFile; fileRef = 6F6CA270297C26AF00FC8C81 /* SceneDelegate.swift */; };
		6F6CA273297C26AF00FC8C81 /* ViewController.swift in Sources */ = {isa = PBXBuildFile; fileRef = 6F6CA272297C26AF00FC8C81 /* ViewController.swift */; };
		6F6CA276297C26AF00FC8C81 /* Main.storyboard in Resources */ = {isa = PBXBuildFile; fileRef = 6F6CA274297C26AF00FC8C81 /* Main.storyboard */; };
		6F6CA278297C26B100FC8C81 /* Assets.xcassets in Resources */ = {isa = PBXBuildFile; fileRef = 6F6CA277297C26B100FC8C81 /* Assets.xcassets */; };
		6F6CA27B297C26B100FC8C81 /* LaunchScreen.storyboard in Resources */ = {isa = PBXBuildFile; fileRef = 6F6CA279297C26B100FC8C81 /* LaunchScreen.storyboard */; };
		6F6CA286297C26B100FC8C81 /* SignInVarietyTests.swift in Sources */ = {isa = PBXBuildFile; fileRef = 6F6CA285297C26B100FC8C81 /* SignInVarietyTests.swift */; };
		6F6CA290297C26B100FC8C81 /* SignInVarietyUITests.swift in Sources */ = {isa = PBXBuildFile; fileRef = 6F6CA28F297C26B100FC8C81 /* SignInVarietyUITests.swift */; };
		6F6CA292297C26B100FC8C81 /* SignInVarietyUITestsLaunchTests.swift in Sources */ = {isa = PBXBuildFile; fileRef = 6F6CA291297C26B100FC8C81 /* SignInVarietyUITestsLaunchTests.swift */; };
		6FC0F7BF297C274B0087D091 /* SignUpViewController.swift in Sources */ = {isa = PBXBuildFile; fileRef = 6FC0F7BC297C274A0087D091 /* SignUpViewController.swift */; };
		6FC0F7C0297C274B0087D091 /* SignInViewController.swift in Sources */ = {isa = PBXBuildFile; fileRef = 6FC0F7BE297C274A0087D091 /* SignInViewController.swift */; };
		6FC0F7C3297C27500087D091 /* GoogleService-Info.plist in Resources */ = {isa = PBXBuildFile; fileRef = 6FC0F7C2297C27500087D091 /* GoogleService-Info.plist */; };
/* End PBXBuildFile section */

/* Begin PBXContainerItemProxy section */
		6F6CA282297C26B100FC8C81 /* PBXContainerItemProxy */ = {
			isa = PBXContainerItemProxy;
			containerPortal = 6F6CA263297C26AF00FC8C81 /* Project object */;
			proxyType = 1;
			remoteGlobalIDString = 6F6CA26A297C26AF00FC8C81;
			remoteInfo = SignInVariety;
		};
		6F6CA28C297C26B100FC8C81 /* PBXContainerItemProxy */ = {
			isa = PBXContainerItemProxy;
			containerPortal = 6F6CA263297C26AF00FC8C81 /* Project object */;
			proxyType = 1;
			remoteGlobalIDString = 6F6CA26A297C26AF00FC8C81;
			remoteInfo = SignInVariety;
		};
/* End PBXContainerItemProxy section */

/* Begin PBXFileReference section */
		6F6CA26B297C26AF00FC8C81 /* SignInVariety.app */ = {isa = PBXFileReference; explicitFileType = wrapper.application; includeInIndex = 0; path = SignInVariety.app; sourceTree = BUILT_PRODUCTS_DIR; };
		6F6CA26E297C26AF00FC8C81 /* AppDelegate.swift */ = {isa = PBXFileReference; lastKnownFileType = sourcecode.swift; path = AppDelegate.swift; sourceTree = "<group>"; };
		6F6CA270297C26AF00FC8C81 /* SceneDelegate.swift */ = {isa = PBXFileReference; lastKnownFileType = sourcecode.swift; path = SceneDelegate.swift; sourceTree = "<group>"; };
		6F6CA272297C26AF00FC8C81 /* ViewController.swift */ = {isa = PBXFileReference; lastKnownFileType = sourcecode.swift; path = ViewController.swift; sourceTree = "<group>"; };
		6F6CA275297C26AF00FC8C81 /* Base */ = {isa = PBXFileReference; lastKnownFileType = file.storyboard; name = Base; path = Base.lproj/Main.storyboard; sourceTree = "<group>"; };
		6F6CA277297C26B100FC8C81 /* Assets.xcassets */ = {isa = PBXFileReference; lastKnownFileType = folder.assetcatalog; path = Assets.xcassets; sourceTree = "<group>"; };
		6F6CA27A297C26B100FC8C81 /* Base */ = {isa = PBXFileReference; lastKnownFileType = file.storyboard; name = Base; path = Base.lproj/LaunchScreen.storyboard; sourceTree = "<group>"; };
		6F6CA27C297C26B100FC8C81 /* Info.plist */ = {isa = PBXFileReference; lastKnownFileType = text.plist.xml; path = Info.plist; sourceTree = "<group>"; };
		6F6CA281297C26B100FC8C81 /* SignInVarietyTests.xctest */ = {isa = PBXFileReference; explicitFileType = wrapper.cfbundle; includeInIndex = 0; path = SignInVarietyTests.xctest; sourceTree = BUILT_PRODUCTS_DIR; };
		6F6CA285297C26B100FC8C81 /* SignInVarietyTests.swift */ = {isa = PBXFileReference; lastKnownFileType = sourcecode.swift; path = SignInVarietyTests.swift; sourceTree = "<group>"; };
		6F6CA28B297C26B100FC8C81 /* SignInVarietyUITests.xctest */ = {isa = PBXFileReference; explicitFileType = wrapper.cfbundle; includeInIndex = 0; path = SignInVarietyUITests.xctest; sourceTree = BUILT_PRODUCTS_DIR; };
		6F6CA28F297C26B100FC8C81 /* SignInVarietyUITests.swift */ = {isa = PBXFileReference; lastKnownFileType = sourcecode.swift; path = SignInVarietyUITests.swift; sourceTree = "<group>"; };
		6F6CA291297C26B100FC8C81 /* SignInVarietyUITestsLaunchTests.swift */ = {isa = PBXFileReference; lastKnownFileType = sourcecode.swift; path = SignInVarietyUITestsLaunchTests.swift; sourceTree = "<group>"; };
		6FC0F7BC297C274A0087D091 /* SignUpViewController.swift */ = {isa = PBXFileReference; fileEncoding = 4; lastKnownFileType = sourcecode.swift; path = SignUpViewController.swift; sourceTree = "<group>"; };
		6FC0F7BE297C274A0087D091 /* SignInViewController.swift */ = {isa = PBXFileReference; fileEncoding = 4; lastKnownFileType = sourcecode.swift; path = SignInViewController.swift; sourceTree = "<group>"; };
		6FC0F7C2297C27500087D091 /* GoogleService-Info.plist */ = {isa = PBXFileReference; fileEncoding = 4; lastKnownFileType = text.plist.xml; path = "GoogleService-Info.plist"; sourceTree = "<group>"; };
/* End PBXFileReference section */

/* Begin PBXFrameworksBuildPhase section */
		6F6CA268297C26AF00FC8C81 /* Frameworks */ = {
			isa = PBXFrameworksBuildPhase;
			buildActionMask = 2147483647;
			files = (
			);
			runOnlyForDeploymentPostprocessing = 0;
		};
		6F6CA27E297C26B100FC8C81 /* Frameworks */ = {
			isa = PBXFrameworksBuildPhase;
			buildActionMask = 2147483647;
			files = (
			);
			runOnlyForDeploymentPostprocessing = 0;
		};
		6F6CA288297C26B100FC8C81 /* Frameworks */ = {
			isa = PBXFrameworksBuildPhase;
			buildActionMask = 2147483647;
			files = (
			);
			runOnlyForDeploymentPostprocessing = 0;
		};
/* End PBXFrameworksBuildPhase section */

/* Begin PBXGroup section */
		6F6CA262297C26AF00FC8C81 = {
			isa = PBXGroup;
			children = (
				6F6CA26D297C26AF00FC8C81 /* SignInVariety */,
				6F6CA284297C26B100FC8C81 /* SignInVarietyTests */,
				6F6CA28E297C26B100FC8C81 /* SignInVarietyUITests */,
				6F6CA26C297C26AF00FC8C81 /* Products */,
			);
			sourceTree = "<group>";
		};
		6F6CA26C297C26AF00FC8C81 /* Products */ = {
			isa = PBXGroup;
			children = (
				6F6CA26B297C26AF00FC8C81 /* SignInVariety.app */,
				6F6CA281297C26B100FC8C81 /* SignInVarietyTests.xctest */,
				6F6CA28B297C26B100FC8C81 /* SignInVarietyUITests.xctest */,
			);
			name = Products;
			sourceTree = "<group>";
		};
		6F6CA26D297C26AF00FC8C81 /* SignInVariety */ = {
			isa = PBXGroup;
			children = (
				6FC0F7C1297C27500087D091 /* Firebase */,
				6F6CA26E297C26AF00FC8C81 /* AppDelegate.swift */,
				6F6CA270297C26AF00FC8C81 /* SceneDelegate.swift */,
				6FC0F7BA297C274A0087D091 /* Features */,
				6F6CA272297C26AF00FC8C81 /* ViewController.swift */,
				6F6CA274297C26AF00FC8C81 /* Main.storyboard */,
				6F6CA277297C26B100FC8C81 /* Assets.xcassets */,
				6F6CA279297C26B100FC8C81 /* LaunchScreen.storyboard */,
				6F6CA27C297C26B100FC8C81 /* Info.plist */,
			);
			path = SignInVariety;
			sourceTree = "<group>";
		};
		6F6CA284297C26B100FC8C81 /* SignInVarietyTests */ = {
			isa = PBXGroup;
			children = (
				6F6CA285297C26B100FC8C81 /* SignInVarietyTests.swift */,
			);
			path = SignInVarietyTests;
			sourceTree = "<group>";
		};
		6F6CA28E297C26B100FC8C81 /* SignInVarietyUITests */ = {
			isa = PBXGroup;
			children = (
				6F6CA28F297C26B100FC8C81 /* SignInVarietyUITests.swift */,
				6F6CA291297C26B100FC8C81 /* SignInVarietyUITestsLaunchTests.swift */,
			);
			path = SignInVarietyUITests;
			sourceTree = "<group>";
		};
		6FC0F7BA297C274A0087D091 /* Features */ = {
			isa = PBXGroup;
			children = (
				6FC0F7BB297C274A0087D091 /* Sign Up */,
				6FC0F7BD297C274A0087D091 /* Sign In */,
			);
			path = Features;
			sourceTree = "<group>";
		};
		6FC0F7BB297C274A0087D091 /* Sign Up */ = {
			isa = PBXGroup;
			children = (
				6FC0F7BC297C274A0087D091 /* SignUpViewController.swift */,
			);
			path = "Sign Up";
			sourceTree = "<group>";
		};
		6FC0F7BD297C274A0087D091 /* Sign In */ = {
			isa = PBXGroup;
			children = (
				6FC0F7BE297C274A0087D091 /* SignInViewController.swift */,
			);
			path = "Sign In";
			sourceTree = "<group>";
		};
		6FC0F7C1297C27500087D091 /* Firebase */ = {
			isa = PBXGroup;
			children = (
				6FC0F7C2297C27500087D091 /* GoogleService-Info.plist */,
			);
			path = Firebase;
			sourceTree = "<group>";
		};
/* End PBXGroup section */

/* Begin PBXNativeTarget section */
		6F6CA26A297C26AF00FC8C81 /* SignInVariety */ = {
			isa = PBXNativeTarget;
			buildConfigurationList = 6F6CA295297C26B100FC8C81 /* Build configuration list for PBXNativeTarget "SignInVariety" */;
			buildPhases = (
				6F6CA267297C26AF00FC8C81 /* Sources */,
				6F6CA268297C26AF00FC8C81 /* Frameworks */,
				6F6CA269297C26AF00FC8C81 /* Resources */,
			);
			buildRules = (
			);
			dependencies = (
			);
			name = SignInVariety;
			productName = SignInVariety;
			productReference = 6F6CA26B297C26AF00FC8C81 /* SignInVariety.app */;
			productType = "com.apple.product-type.application";
		};
		6F6CA280297C26B100FC8C81 /* SignInVarietyTests */ = {
			isa = PBXNativeTarget;
			buildConfigurationList = 6F6CA298297C26B100FC8C81 /* Build configuration list for PBXNativeTarget "SignInVarietyTests" */;
			buildPhases = (
				6F6CA27D297C26B100FC8C81 /* Sources */,
				6F6CA27E297C26B100FC8C81 /* Frameworks */,
				6F6CA27F297C26B100FC8C81 /* Resources */,
			);
			buildRules = (
			);
			dependencies = (
				6F6CA283297C26B100FC8C81 /* PBXTargetDependency */,
			);
			name = SignInVarietyTests;
			productName = SignInVarietyTests;
			productReference = 6F6CA281297C26B100FC8C81 /* SignInVarietyTests.xctest */;
			productType = "com.apple.product-type.bundle.unit-test";
		};
		6F6CA28A297C26B100FC8C81 /* SignInVarietyUITests */ = {
			isa = PBXNativeTarget;
			buildConfigurationList = 6F6CA29B297C26B100FC8C81 /* Build configuration list for PBXNativeTarget "SignInVarietyUITests" */;
			buildPhases = (
				6F6CA287297C26B100FC8C81 /* Sources */,
				6F6CA288297C26B100FC8C81 /* Frameworks */,
				6F6CA289297C26B100FC8C81 /* Resources */,
			);
			buildRules = (
			);
			dependencies = (
				6F6CA28D297C26B100FC8C81 /* PBXTargetDependency */,
			);
			name = SignInVarietyUITests;
			productName = SignInVarietyUITests;
			productReference = 6F6CA28B297C26B100FC8C81 /* SignInVarietyUITests.xctest */;
			productType = "com.apple.product-type.bundle.ui-testing";
		};
/* End PBXNativeTarget section */

/* Begin PBXProject section */
		6F6CA263297C26AF00FC8C81 /* Project object */ = {
			isa = PBXProject;
			attributes = {
				BuildIndependentTargetsInParallel = 1;
				LastSwiftUpdateCheck = 1420;
				LastUpgradeCheck = 1420;
				TargetAttributes = {
					6F6CA26A297C26AF00FC8C81 = {
						CreatedOnToolsVersion = 14.2;
					};
					6F6CA280297C26B100FC8C81 = {
						CreatedOnToolsVersion = 14.2;
						TestTargetID = 6F6CA26A297C26AF00FC8C81;
					};
					6F6CA28A297C26B100FC8C81 = {
						CreatedOnToolsVersion = 14.2;
						TestTargetID = 6F6CA26A297C26AF00FC8C81;
					};
				};
			};
			buildConfigurationList = 6F6CA266297C26AF00FC8C81 /* Build configuration list for PBXProject "SignInVariety" */;
			compatibilityVersion = "Xcode 14.0";
			developmentRegion = en;
			hasScannedForEncodings = 0;
			knownRegions = (
				en,
				Base,
			);
			mainGroup = 6F6CA262297C26AF00FC8C81;
			productRefGroup = 6F6CA26C297C26AF00FC8C81 /* Products */;
			projectDirPath = "";
			projectRoot = "";
			targets = (
				6F6CA26A297C26AF00FC8C81 /* SignInVariety */,
				6F6CA280297C26B100FC8C81 /* SignInVarietyTests */,
				6F6CA28A297C26B100FC8C81 /* SignInVarietyUITests */,
			);
		};
/* End PBXProject section */

/* Begin PBXResourcesBuildPhase section */
		6F6CA269297C26AF00FC8C81 /* Resources */ = {
			isa = PBXResourcesBuildPhase;
			buildActionMask = 2147483647;
			files = (
				6F6CA27B297C26B100FC8C81 /* LaunchScreen.storyboard in Resources */,
				6FC0F7C3297C27500087D091 /* GoogleService-Info.plist in Resources */,
				6F6CA278297C26B100FC8C81 /* Assets.xcassets in Resources */,
				6F6CA276297C26AF00FC8C81 /* Main.storyboard in Resources */,
			);
			runOnlyForDeploymentPostprocessing = 0;
		};
		6F6CA27F297C26B100FC8C81 /* Resources */ = {
			isa = PBXResourcesBuildPhase;
			buildActionMask = 2147483647;
			files = (
			);
			runOnlyForDeploymentPostprocessing = 0;
		};
		6F6CA289297C26B100FC8C81 /* Resources */ = {
			isa = PBXResourcesBuildPhase;
			buildActionMask = 2147483647;
			files = (
			);
			runOnlyForDeploymentPostprocessing = 0;
		};
/* End PBXResourcesBuildPhase section */

/* Begin PBXSourcesBuildPhase section */
		6F6CA267297C26AF00FC8C81 /* Sources */ = {
			isa = PBXSourcesBuildPhase;
			buildActionMask = 2147483647;
			files = (
				6F6CA273297C26AF00FC8C81 /* ViewController.swift in Sources */,
				6F6CA26F297C26AF00FC8C81 /* AppDelegate.swift in Sources */,
				6FC0F7BF297C274B0087D091 /* SignUpViewController.swift in Sources */,
				6FC0F7C0297C274B0087D091 /* SignInViewController.swift in Sources */,
				6F6CA271297C26AF00FC8C81 /* SceneDelegate.swift in Sources */,
			);
			runOnlyForDeploymentPostprocessing = 0;
		};
		6F6CA27D297C26B100FC8C81 /* Sources */ = {
			isa = PBXSourcesBuildPhase;
			buildActionMask = 2147483647;
			files = (
				6F6CA286297C26B100FC8C81 /* SignInVarietyTests.swift in Sources */,
			);
			runOnlyForDeploymentPostprocessing = 0;
		};
		6F6CA287297C26B100FC8C81 /* Sources */ = {
			isa = PBXSourcesBuildPhase;
			buildActionMask = 2147483647;
			files = (
				6F6CA290297C26B100FC8C81 /* SignInVarietyUITests.swift in Sources */,
				6F6CA292297C26B100FC8C81 /* SignInVarietyUITestsLaunchTests.swift in Sources */,
			);
			runOnlyForDeploymentPostprocessing = 0;
		};
/* End PBXSourcesBuildPhase section */

/* Begin PBXTargetDependency section */
		6F6CA283297C26B100FC8C81 /* PBXTargetDependency */ = {
			isa = PBXTargetDependency;
			target = 6F6CA26A297C26AF00FC8C81 /* SignInVariety */;
			targetProxy = 6F6CA282297C26B100FC8C81 /* PBXContainerItemProxy */;
		};
		6F6CA28D297C26B100FC8C81 /* PBXTargetDependency */ = {
			isa = PBXTargetDependency;
			target = 6F6CA26A297C26AF00FC8C81 /* SignInVariety */;
			targetProxy = 6F6CA28C297C26B100FC8C81 /* PBXContainerItemProxy */;
		};
/* End PBXTargetDependency section */

/* Begin PBXVariantGroup section */
		6F6CA274297C26AF00FC8C81 /* Main.storyboard */ = {
			isa = PBXVariantGroup;
			children = (
				6F6CA275297C26AF00FC8C81 /* Base */,
			);
			name = Main.storyboard;
			sourceTree = "<group>";
		};
		6F6CA279297C26B100FC8C81 /* LaunchScreen.storyboard */ = {
			isa = PBXVariantGroup;
			children = (
				6F6CA27A297C26B100FC8C81 /* Base */,
			);
			name = LaunchScreen.storyboard;
			sourceTree = "<group>";
		};
/* End PBXVariantGroup section */

/* Begin XCBuildConfiguration section */
		6F6CA293297C26B100FC8C81 /* Debug */ = {
			isa = XCBuildConfiguration;
			buildSettings = {
				ALWAYS_SEARCH_USER_PATHS = NO;
				CLANG_ANALYZER_NONNULL = YES;
				CLANG_ANALYZER_NUMBER_OBJECT_CONVERSION = YES_AGGRESSIVE;
				CLANG_CXX_LANGUAGE_STANDARD = "gnu++20";
				CLANG_ENABLE_MODULES = YES;
				CLANG_ENABLE_OBJC_ARC = YES;
				CLANG_ENABLE_OBJC_WEAK = YES;
				CLANG_WARN_BLOCK_CAPTURE_AUTORELEASING = YES;
				CLANG_WARN_BOOL_CONVERSION = YES;
				CLANG_WARN_COMMA = YES;
				CLANG_WARN_CONSTANT_CONVERSION = YES;
				CLANG_WARN_DEPRECATED_OBJC_IMPLEMENTATIONS = YES;
				CLANG_WARN_DIRECT_OBJC_ISA_USAGE = YES_ERROR;
				CLANG_WARN_DOCUMENTATION_COMMENTS = YES;
				CLANG_WARN_EMPTY_BODY = YES;
				CLANG_WARN_ENUM_CONVERSION = YES;
				CLANG_WARN_INFINITE_RECURSION = YES;
				CLANG_WARN_INT_CONVERSION = YES;
				CLANG_WARN_NON_LITERAL_NULL_CONVERSION = YES;
				CLANG_WARN_OBJC_IMPLICIT_RETAIN_SELF = YES;
				CLANG_WARN_OBJC_LITERAL_CONVERSION = YES;
				CLANG_WARN_OBJC_ROOT_CLASS = YES_ERROR;
				CLANG_WARN_QUOTED_INCLUDE_IN_FRAMEWORK_HEADER = YES;
				CLANG_WARN_RANGE_LOOP_ANALYSIS = YES;
				CLANG_WARN_STRICT_PROTOTYPES = YES;
				CLANG_WARN_SUSPICIOUS_MOVE = YES;
				CLANG_WARN_UNGUARDED_AVAILABILITY = YES_AGGRESSIVE;
				CLANG_WARN_UNREACHABLE_CODE = YES;
				CLANG_WARN__DUPLICATE_METHOD_MATCH = YES;
				COPY_PHASE_STRIP = NO;
				DEBUG_INFORMATION_FORMAT = dwarf;
				ENABLE_STRICT_OBJC_MSGSEND = YES;
				ENABLE_TESTABILITY = YES;
				GCC_C_LANGUAGE_STANDARD = gnu11;
				GCC_DYNAMIC_NO_PIC = NO;
				GCC_NO_COMMON_BLOCKS = YES;
				GCC_OPTIMIZATION_LEVEL = 0;
				GCC_PREPROCESSOR_DEFINITIONS = (
					"DEBUG=1",
					"$(inherited)",
				);
				GCC_WARN_64_TO_32_BIT_CONVERSION = YES;
				GCC_WARN_ABOUT_RETURN_TYPE = YES_ERROR;
				GCC_WARN_UNDECLARED_SELECTOR = YES;
				GCC_WARN_UNINITIALIZED_AUTOS = YES_AGGRESSIVE;
				GCC_WARN_UNUSED_FUNCTION = YES;
				GCC_WARN_UNUSED_VARIABLE = YES;
				IPHONEOS_DEPLOYMENT_TARGET = 16.2;
				MTL_ENABLE_DEBUG_INFO = INCLUDE_SOURCE;
				MTL_FAST_MATH = YES;
				ONLY_ACTIVE_ARCH = YES;
				SDKROOT = iphoneos;
				SWIFT_ACTIVE_COMPILATION_CONDITIONS = DEBUG;
				SWIFT_OPTIMIZATION_LEVEL = "-Onone";
			};
			name = Debug;
		};
		6F6CA294297C26B100FC8C81 /* Release */ = {
			isa = XCBuildConfiguration;
			buildSettings = {
				ALWAYS_SEARCH_USER_PATHS = NO;
				CLANG_ANALYZER_NONNULL = YES;
				CLANG_ANALYZER_NUMBER_OBJECT_CONVERSION = YES_AGGRESSIVE;
				CLANG_CXX_LANGUAGE_STANDARD = "gnu++20";
				CLANG_ENABLE_MODULES = YES;
				CLANG_ENABLE_OBJC_ARC = YES;
				CLANG_ENABLE_OBJC_WEAK = YES;
				CLANG_WARN_BLOCK_CAPTURE_AUTORELEASING = YES;
				CLANG_WARN_BOOL_CONVERSION = YES;
				CLANG_WARN_COMMA = YES;
				CLANG_WARN_CONSTANT_CONVERSION = YES;
				CLANG_WARN_DEPRECATED_OBJC_IMPLEMENTATIONS = YES;
				CLANG_WARN_DIRECT_OBJC_ISA_USAGE = YES_ERROR;
				CLANG_WARN_DOCUMENTATION_COMMENTS = YES;
				CLANG_WARN_EMPTY_BODY = YES;
				CLANG_WARN_ENUM_CONVERSION = YES;
				CLANG_WARN_INFINITE_RECURSION = YES;
				CLANG_WARN_INT_CONVERSION = YES;
				CLANG_WARN_NON_LITERAL_NULL_CONVERSION = YES;
				CLANG_WARN_OBJC_IMPLICIT_RETAIN_SELF = YES;
				CLANG_WARN_OBJC_LITERAL_CONVERSION = YES;
				CLANG_WARN_OBJC_ROOT_CLASS = YES_ERROR;
				CLANG_WARN_QUOTED_INCLUDE_IN_FRAMEWORK_HEADER = YES;
				CLANG_WARN_RANGE_LOOP_ANALYSIS = YES;
				CLANG_WARN_STRICT_PROTOTYPES = YES;
				CLANG_WARN_SUSPICIOUS_MOVE = YES;
				CLANG_WARN_UNGUARDED_AVAILABILITY = YES_AGGRESSIVE;
				CLANG_WARN_UNREACHABLE_CODE = YES;
				CLANG_WARN__DUPLICATE_METHOD_MATCH = YES;
				COPY_PHASE_STRIP = NO;
				DEBUG_INFORMATION_FORMAT = "dwarf-with-dsym";
				ENABLE_NS_ASSERTIONS = NO;
				ENABLE_STRICT_OBJC_MSGSEND = YES;
				GCC_C_LANGUAGE_STANDARD = gnu11;
				GCC_NO_COMMON_BLOCKS = YES;
				GCC_WARN_64_TO_32_BIT_CONVERSION = YES;
				GCC_WARN_ABOUT_RETURN_TYPE = YES_ERROR;
				GCC_WARN_UNDECLARED_SELECTOR = YES;
				GCC_WARN_UNINITIALIZED_AUTOS = YES_AGGRESSIVE;
				GCC_WARN_UNUSED_FUNCTION = YES;
				GCC_WARN_UNUSED_VARIABLE = YES;
				IPHONEOS_DEPLOYMENT_TARGET = 16.2;
				MTL_ENABLE_DEBUG_INFO = NO;
				MTL_FAST_MATH = YES;
				SDKROOT = iphoneos;
				SWIFT_COMPILATION_MODE = wholemodule;
				SWIFT_OPTIMIZATION_LEVEL = "-O";
				VALIDATE_PRODUCT = YES;
			};
			name = Release;
		};
		6F6CA296297C26B100FC8C81 /* Debug */ = {
			isa = XCBuildConfiguration;
			buildSettings = {
				ASSETCATALOG_COMPILER_APPICON_NAME = AppIcon;
				ASSETCATALOG_COMPILER_GLOBAL_ACCENT_COLOR_NAME = AccentColor;
				CODE_SIGN_STYLE = Automatic;
				CURRENT_PROJECT_VERSION = 1;
				DEVELOPMENT_TEAM = K328B98U3F;
				GENERATE_INFOPLIST_FILE = YES;
				INFOPLIST_FILE = SignInVariety/Info.plist;
				INFOPLIST_KEY_UIApplicationSupportsIndirectInputEvents = YES;
				INFOPLIST_KEY_UILaunchStoryboardName = LaunchScreen;
				INFOPLIST_KEY_UIMainStoryboardFile = Main;
				INFOPLIST_KEY_UISupportedInterfaceOrientations_iPad = "UIInterfaceOrientationPortrait UIInterfaceOrientationPortraitUpsideDown UIInterfaceOrientationLandscapeLeft UIInterfaceOrientationLandscapeRight";
				INFOPLIST_KEY_UISupportedInterfaceOrientations_iPhone = "UIInterfaceOrientationPortrait UIInterfaceOrientationLandscapeLeft UIInterfaceOrientationLandscapeRight";
				LD_RUNPATH_SEARCH_PATHS = (
					"$(inherited)",
					"@executable_path/Frameworks",
				);
				MARKETING_VERSION = 1.0;
				PRODUCT_BUNDLE_IDENTIFIER = com.practices.SignInVariety;
				PRODUCT_NAME = "$(TARGET_NAME)";
				SWIFT_EMIT_LOC_STRINGS = YES;
				SWIFT_VERSION = 5.0;
				TARGETED_DEVICE_FAMILY = "1,2";
			};
			name = Debug;
		};
		6F6CA297297C26B100FC8C81 /* Release */ = {
			isa = XCBuildConfiguration;
			buildSettings = {
				ASSETCATALOG_COMPILER_APPICON_NAME = AppIcon;
				ASSETCATALOG_COMPILER_GLOBAL_ACCENT_COLOR_NAME = AccentColor;
				CODE_SIGN_STYLE = Automatic;
				CURRENT_PROJECT_VERSION = 1;
				DEVELOPMENT_TEAM = K328B98U3F;
				GENERATE_INFOPLIST_FILE = YES;
				INFOPLIST_FILE = SignInVariety/Info.plist;
				INFOPLIST_KEY_UIApplicationSupportsIndirectInputEvents = YES;
				INFOPLIST_KEY_UILaunchStoryboardName = LaunchScreen;
				INFOPLIST_KEY_UIMainStoryboardFile = Main;
				INFOPLIST_KEY_UISupportedInterfaceOrientations_iPad = "UIInterfaceOrientationPortrait UIInterfaceOrientationPortraitUpsideDown UIInterfaceOrientationLandscapeLeft UIInterfaceOrientationLandscapeRight";
				INFOPLIST_KEY_UISupportedInterfaceOrientations_iPhone = "UIInterfaceOrientationPortrait UIInterfaceOrientationLandscapeLeft UIInterfaceOrientationLandscapeRight";
				LD_RUNPATH_SEARCH_PATHS = (
					"$(inherited)",
					"@executable_path/Frameworks",
				);
				MARKETING_VERSION = 1.0;
				PRODUCT_BUNDLE_IDENTIFIER = com.practices.SignInVariety;
				PRODUCT_NAME = "$(TARGET_NAME)";
				SWIFT_EMIT_LOC_STRINGS = YES;
				SWIFT_VERSION = 5.0;
				TARGETED_DEVICE_FAMILY = "1,2";
			};
			name = Release;
		};
		6F6CA299297C26B100FC8C81 /* Debug */ = {
			isa = XCBuildConfiguration;
			buildSettings = {
				ALWAYS_EMBED_SWIFT_STANDARD_LIBRARIES = YES;
				BUNDLE_LOADER = "$(TEST_HOST)";
				CODE_SIGN_STYLE = Automatic;
				CURRENT_PROJECT_VERSION = 1;
				DEVELOPMENT_TEAM = K328B98U3F;
				GENERATE_INFOPLIST_FILE = YES;
				IPHONEOS_DEPLOYMENT_TARGET = 16.2;
				MARKETING_VERSION = 1.0;
				PRODUCT_BUNDLE_IDENTIFIER = com.practices.SignInVarietyTests;
				PRODUCT_NAME = "$(TARGET_NAME)";
				SWIFT_EMIT_LOC_STRINGS = NO;
				SWIFT_VERSION = 5.0;
				TARGETED_DEVICE_FAMILY = "1,2";
				TEST_HOST = "$(BUILT_PRODUCTS_DIR)/SignInVariety.app/$(BUNDLE_EXECUTABLE_FOLDER_PATH)/SignInVariety";
			};
			name = Debug;
		};
		6F6CA29A297C26B100FC8C81 /* Release */ = {
			isa = XCBuildConfiguration;
			buildSettings = {
				ALWAYS_EMBED_SWIFT_STANDARD_LIBRARIES = YES;
				BUNDLE_LOADER = "$(TEST_HOST)";
				CODE_SIGN_STYLE = Automatic;
				CURRENT_PROJECT_VERSION = 1;
				DEVELOPMENT_TEAM = K328B98U3F;
				GENERATE_INFOPLIST_FILE = YES;
				IPHONEOS_DEPLOYMENT_TARGET = 16.2;
				MARKETING_VERSION = 1.0;
				PRODUCT_BUNDLE_IDENTIFIER = com.practices.SignInVarietyTests;
				PRODUCT_NAME = "$(TARGET_NAME)";
				SWIFT_EMIT_LOC_STRINGS = NO;
				SWIFT_VERSION = 5.0;
				TARGETED_DEVICE_FAMILY = "1,2";
				TEST_HOST = "$(BUILT_PRODUCTS_DIR)/SignInVariety.app/$(BUNDLE_EXECUTABLE_FOLDER_PATH)/SignInVariety";
			};
			name = Release;
		};
		6F6CA29C297C26B100FC8C81 /* Debug */ = {
			isa = XCBuildConfiguration;
			buildSettings = {
				ALWAYS_EMBED_SWIFT_STANDARD_LIBRARIES = YES;
				CODE_SIGN_STYLE = Automatic;
				CURRENT_PROJECT_VERSION = 1;
				DEVELOPMENT_TEAM = K328B98U3F;
				GENERATE_INFOPLIST_FILE = YES;
				MARKETING_VERSION = 1.0;
				PRODUCT_BUNDLE_IDENTIFIER = com.practices.SignInVarietyUITests;
				PRODUCT_NAME = "$(TARGET_NAME)";
				SWIFT_EMIT_LOC_STRINGS = NO;
				SWIFT_VERSION = 5.0;
				TARGETED_DEVICE_FAMILY = "1,2";
				TEST_TARGET_NAME = SignInVariety;
			};
			name = Debug;
		};
		6F6CA29D297C26B100FC8C81 /* Release */ = {
			isa = XCBuildConfiguration;
			buildSettings = {
				ALWAYS_EMBED_SWIFT_STANDARD_LIBRARIES = YES;
				CODE_SIGN_STYLE = Automatic;
				CURRENT_PROJECT_VERSION = 1;
				DEVELOPMENT_TEAM = K328B98U3F;
				GENERATE_INFOPLIST_FILE = YES;
				MARKETING_VERSION = 1.0;
				PRODUCT_BUNDLE_IDENTIFIER = com.practices.SignInVarietyUITests;
				PRODUCT_NAME = "$(TARGET_NAME)";
				SWIFT_EMIT_LOC_STRINGS = NO;
				SWIFT_VERSION = 5.0;
				TARGETED_DEVICE_FAMILY = "1,2";
				TEST_TARGET_NAME = SignInVariety;
			};
			name = Release;
		};
/* End XCBuildConfiguration section */

/* Begin XCConfigurationList section */
		6F6CA266297C26AF00FC8C81 /* Build configuration list for PBXProject "SignInVariety" */ = {
			isa = XCConfigurationList;
			buildConfigurations = (
				6F6CA293297C26B100FC8C81 /* Debug */,
				6F6CA294297C26B100FC8C81 /* Release */,
			);
			defaultConfigurationIsVisible = 0;
			defaultConfigurationName = Release;
		};
		6F6CA295297C26B100FC8C81 /* Build configuration list for PBXNativeTarget "SignInVariety" */ = {
			isa = XCConfigurationList;
			buildConfigurations = (
				6F6CA296297C26B100FC8C81 /* Debug */,
				6F6CA297297C26B100FC8C81 /* Release */,
			);
			defaultConfigurationIsVisible = 0;
			defaultConfigurationName = Release;
		};
		6F6CA298297C26B100FC8C81 /* Build configuration list for PBXNativeTarget "SignInVarietyTests" */ = {
			isa = XCConfigurationList;
			buildConfigurations = (
				6F6CA299297C26B100FC8C81 /* Debug */,
				6F6CA29A297C26B100FC8C81 /* Release */,
			);
			defaultConfigurationIsVisible = 0;
			defaultConfigurationName = Release;
		};
		6F6CA29B297C26B100FC8C81 /* Build configuration list for PBXNativeTarget "SignInVarietyUITests" */ = {
			isa = XCConfigurationList;
			buildConfigurations = (
				6F6CA29C297C26B100FC8C81 /* Debug */,
				6F6CA29D297C26B100FC8C81 /* Release */,
			);
			defaultConfigurationIsVisible = 0;
			defaultConfigurationName = Release;
		};
/* End XCConfigurationList section */
	};
	rootObject = 6F6CA263297C26AF00FC8C81 /* Project object */;
}
